
Microsoft Visual Studio Solution File, Format Version 12.00
# Visual Studio Version 17
VisualStudioVersion = 17.14.36717.8 d17.14
MinimumVisualStudioVersion = 10.0.40219.1
Project("{8BC9CEB8-8B4A-11D0-8D11-00A0C91BC942}") = "Meowijuana", "Meowijuana\Meowijuana.vcxproj", "{514FC705-2C7E-4535-811F-42913E5CEB8F}"
EndProject
Global
	GlobalSection(SolutionConfigurationPlatforms) = preSolution
		Debug|x64 = Debug|x64
		Release|x64 = Release|x64
	EndGlobalSection
	GlobalSection(ProjectConfigurationPlatforms) = postSolution
		{514FC705-2C7E-4535-811F-42913E5CEB8F}.Debug|x64.ActiveCfg = Debug|x64
		{514FC705-2C7E-4535-811F-42913E5CEB8F}.Debug|x64.Build.0 = Debug|x64
		{514FC705-2C7E-4535-811F-42913E5CEB8F}.Release|x64.ActiveCfg = Release|x64
		{514FC705-2C7E-4535-811F-42913E5CEB8F}.Release|x64.Build.0 = Release|x64
	EndGlobalSection
	GlobalSection(SolutionProperties) = preSolution
		HideSolutionNode = FALSE
	EndGlobalSection
	GlobalSection(ExtensibilityGlobals) = postSolution
		SolutionGuid = {21CC2D66-4E50-4650-948B-8F1270D0CF1D}
	EndGlobalSection
EndGlobal
