<?xml version="1.0" encoding="utf-8"?>
<Project ToolsVersion="4.0" xmlns="http://schemas.microsoft.com/developer/msbuild/2003">
  <ItemGroup>
    <ClCompile Include="Main.cpp" />
    <ClCompile Include="Pathfinding.hpp">
      <Filter>Header files</Filter>
    </ClCompile>
    <ClCompile Include="Collision.hpp">
      <Filter>Header files</Filter>
    </ClCompile>
    <ClCompile Include="Attack.cpp">
      <Filter>Source files</Filter>
    </ClCompile>
    <ClCompile Include="Collision.cpp">
      <Filter>Source files</Filter>
    </ClCompile>
    <ClCompile Include="Entity.cpp">
      <Filter>Source files</Filter>
    </ClCompile>
    <ClCompile Include="GameStateManager.cpp">
      <Filter>Source files</Filter>
    </ClCompile>
    <ClCompile Include="Graphics.cpp">
      <Filter>Source files</Filter>
    </ClCompile>
    <ClCompile Include="Pathfinding.cpp">
      <Filter>Source files</Filter>
    </ClCompile>
    <ClCompile Include="Settings.cpp">
      <Filter>Source files</Filter>
    </ClCompile>
    <ClCompile Include="World.cpp">
      <Filter>Source files</Filter>
    </ClCompile>
    <ClCompile Include="Inventory.cpp">
      <Filter>Source files</Filter>
    </ClCompile>
    <ClCompile Include="Screens\SplashScreen.cpp">
      <Filter>Source files\Screens</Filter>
    </ClCompile>
    <ClCompile Include="Screens\TestingScreen.cpp">
      <Filter>Source files\Screens</Filter>
    </ClCompile>
    <ClCompile Include="Screens\CreditsScreen.cpp">
      <Filter>Source files\Screens</Filter>
    </ClCompile>
    <ClCompile Include="Screens\DungeonScreen.cpp">
      <Filter>Source files\Screens</Filter>
    </ClCompile>
    <ClCompile Include="Screens\FarmScreen.cpp">
      <Filter>Source files\Screens</Filter>
    </ClCompile>
    <ClCompile Include="Screens\MainMenu.cpp">
      <Filter>Source files\Screens</Filter>
    </ClCompile>
    <ClCompile Include="Screens\SettingsScreen.cpp">
      <Filter>Source files\Screens</Filter>
    </ClCompile>
    <ClCompile Include="Screens\Level1.cpp">
      <Filter>Source files\Screens</Filter>
    </ClCompile>
    <ClCompile Include="Screens\Level2.cpp">
      <Filter>Source files\Screens</Filter>
    </ClCompile>
    <ClCompile Include="LevelSystem.cpp">
      <Filter>Source files</Filter>
    </ClCompile>
    <ClCompile Include="TileTypes.cpp">
      <Filter>Source files</Filter>
    </ClCompile>
    <ClCompile Include="Screens\Testing\testing-andrea.cpp">
      <Filter>Source files\Screens\Testing</Filter>
    </ClCompile>
    <ClCompile Include="Screens\Testing\testing-jun.cpp">
      <Filter>Source files\Screens\Testing</Filter>
    </ClCompile>
    <ClCompile Include="Screens\Testing\testing-saahil.cpp">
      <Filter>Source files\Screens\Testing</Filter>
    </ClCompile>
    <ClCompile Include="Screens\Testing\testing-xuan.cpp">
      <Filter>Source files\Screens\Testing</Filter>
    </ClCompile>
    <ClCompile Include="InputManager.cpp">
      <Filter>Source files</Filter>
    </ClCompile>
    <ClCompile Include="Screens\TutorialScreen.cpp">
      <Filter>Source files\Screens</Filter>
    </ClCompile>
    <ClCompile Include="UI_Elements\Button.cpp">
      <Filter>Source files\UI Elements</Filter>
    </ClCompile>
    <ClCompile Include="UI_Elements\CheckBox.cpp">
      <Filter>Source files\UI Elements</Filter>
    </ClCompile>
    <ClCompile Include="UI_Elements\DialogueBox.cpp">
      <Filter>Source files\UI Elements</Filter>
    </ClCompile>
    <ClCompile Include="UI_Elements\ProgressBar.cpp">
      <Filter>Source files\UI Elements</Filter>
    </ClCompile>
    <ClCompile Include="UI_Elements\RadioButton.cpp">
      <Filter>Source files\UI Elements</Filter>
    </ClCompile>
    <ClCompile Include="UI_Elements\Slider.cpp">
      <Filter>Source files\UI Elements</Filter>
    </ClCompile>
    <ClCompile Include="UI_Elements\TextBox.cpp">
      <Filter>Source files\UI Elements</Filter>
    </ClCompile>
    <ClCompile Include="UI_Elements\UI_elements.cpp">
      <Filter>Source files\UI Elements</Filter>
    </ClCompile>
    <ClCompile Include="AudioManager.cpp">
      <Filter>Source files</Filter>
    </ClCompile>
  </ItemGroup>
  <ItemGroup>
    <ClInclude Include="World.hpp">
      <Filter>Header files</Filter>
    </ClInclude>
    <ClInclude Include="Settings.hpp">
      <Filter>Header files</Filter>
    </ClInclude>
    <ClInclude Include="GameStateManager.hpp">
      <Filter>Header files</Filter>
    </ClInclude>
    <ClInclude Include="Entity.hpp">
      <Filter>Header files</Filter>
    </ClInclude>
    <ClInclude Include="Attack.h">
      <Filter>Header files</Filter>
    </ClInclude>
    <ClInclude Include="Graphics.hpp">
      <Filter>Header files</Filter>
    </ClInclude>
    <ClInclude Include="Inventory.hpp">
      <Filter>Header files</Filter>
    </ClInclude>
    <ClInclude Include="Screens\CreditsScreen.hpp">
      <Filter>Header files\Screens</Filter>
    </ClInclude>
    <ClInclude Include="Screens\DungeonScreen.hpp">
      <Filter>Header files\Screens</Filter>
    </ClInclude>
    <ClInclude Include="Screens\FarmScreen.hpp">
      <Filter>Header files\Screens</Filter>
    </ClInclude>
    <ClInclude Include="Screens\MainMenu.hpp">
      <Filter>Header files\Screens</Filter>
    </ClInclude>
    <ClInclude Include="Screens\SettingsScreen.hpp">
      <Filter>Header files\Screens</Filter>
    </ClInclude>
    <ClInclude Include="Screens\SplashScreen.hpp">
      <Filter>Header files\Screens</Filter>
    </ClInclude>
    <ClInclude Include="Screens\TestingScreen.hpp">
      <Filter>Header files\Screens</Filter>
    </ClInclude>
    <ClInclude Include="Screens\Level1.hpp">
      <Filter>Header files\Screens</Filter>
    </ClInclude>
    <ClInclude Include="Screens\Level2.hpp">
      <Filter>Header files\Screens</Filter>
    </ClInclude>
    <ClInclude Include="LevelSystem.hpp">
      <Filter>Header files</Filter>
    </ClInclude>
    <ClInclude Include="TileTypes.hpp">
      <Filter>Header files</Filter>
    </ClInclude>
    <ClInclude Include="Screens\Testing\testing-saahil.hpp">
      <Filter>Header files\Screens\Testing</Filter>
    </ClInclude>
    <ClInclude Include="Screens\Testing\testing-xuan.hpp">
      <Filter>Header files\Screens\Testing</Filter>
    </ClInclude>
    <ClInclude Include="Screens\Testing\testing-andrea.hpp">
      <Filter>Header files\Screens\Testing</Filter>
    </ClInclude>
    <ClInclude Include="Screens\Testing\testing-jun.hpp">
      <Filter>Header files\Screens\Testing</Filter>
    </ClInclude>
    <ClInclude Include="InputManager.hpp" />
    <ClInclude Include="Screens\TutorialScreen.hpp">
      <Filter>Header files\Screens</Filter>
    </ClInclude>
    <ClInclude Include="UI_Elements\UI_Elements.hpp">
      <Filter>Source files\UI Elements</Filter>
    </ClInclude>
    <ClInclude Include="AudioManager.hpp">
      <Filter>Header files</Filter>
    </ClInclude>
  </ItemGroup>
  <ItemGroup>
    <Filter Include="Source files">
      <UniqueIdentifier>{6b91da4c-950b-44b9-88f6-75552ce3d43b}</UniqueIdentifier>
    </Filter>
    <Filter Include="Header files">
      <UniqueIdentifier>{f643d418-133a-4833-8cac-b2cf3cbb923c}</UniqueIdentifier>
    </Filter>
    <Filter Include="Source files\Screens">
      <UniqueIdentifier>{acde8de7-6e33-4bd9-8723-20a5b94f43cc}</UniqueIdentifier>
    </Filter>
    <Filter Include="Header files\Screens">
      <UniqueIdentifier>{a6cfd654-62d1-46f8-863b-2ed23026e2b5}</UniqueIdentifier>
    </Filter>
    <Filter Include="Header files\Screens\Testing">
      <UniqueIdentifier>{502e56ee-d5f7-4281-919e-e279c822d731}</UniqueIdentifier>
    </Filter>
    <Filter Include="Source files\Screens\Testing">
      <UniqueIdentifier>{eadd3c22-b173-406f-84f9-c4fac29f3864}</UniqueIdentifier>
    </Filter>
    <Filter Include="Source files\UI Elements">
      <UniqueIdentifier>{f6aa4019-5a0e-4895-89bc-a2c45ccd4ef1}</UniqueIdentifier>
    </Filter>
  </ItemGroup>
</Project>